
Microsoft Visual Studio Solution File, Format Version 12.00
# Visual Studio Version 17
VisualStudioVersion = 17.5.002.0
MinimumVisualStudioVersion = 10.0.40219.1
Project("{9A19103F-16F7-4668-BE54-9A1E7A4F7556}") = "POO_static", "POO_static.csproj", "{629820EE-8452-4157-A4E4-CA6AB0A2DE48}"
EndProject
Global
	GlobalSection(SolutionConfigurationPlatforms) = preSolution
		Debug|Any CPU = Debug|Any CPU
		Release|Any CPU = Release|Any CPU
	EndGlobalSection
	GlobalSection(ProjectConfigurationPlatforms) = postSolution
		{629820EE-8452-4157-A4E4-CA6AB0A2DE48}.Debug|Any CPU.ActiveCfg = Debug|Any CPU
		{629820EE-8452-4157-A4E4-CA6AB0A2DE48}.Debug|Any CPU.Build.0 = Debug|Any CPU
		{629820EE-8452-4157-A4E4-CA6AB0A2DE48}.Release|Any CPU.ActiveCfg = Release|Any CPU
		{629820EE-8452-4157-A4E4-CA6AB0A2DE48}.Release|Any CPU.Build.0 = Release|Any CPU
	EndGlobalSection
	GlobalSection(SolutionProperties) = preSolution
		HideSolutionNode = FALSE
	EndGlobalSection
	GlobalSection(ExtensibilityGlobals) = postSolution
		SolutionGuid = {6844C08A-5245-4591-86FC-5F0F94050FC5}
	EndGlobalSection
EndGlobal
